
Microsoft Visual Studio Solution File, Format Version 12.00
# Visual Studio 15
VisualStudioVersion = 15.0.28010.2019
MinimumVisualStudioVersion = 10.0.40219.1
Project("{FAE04EC0-301F-11D3-BF4B-00C04F79EFBC}") = "OrderManagementAPI", "OrderManagemenetAPI\OrderManagementAPI.csproj", "{3C8A5C4D-78AC-4C19-A416-2458362D9E77}"
EndProject
Global
	GlobalSection(SolutionConfigurationPlatforms) = preSolution
		Debug|Any CPU = Debug|Any CPU
		Release|Any CPU = Release|Any CPU
	EndGlobalSection
	GlobalSection(ProjectConfigurationPlatforms) = postSolution
		{3C8A5C4D-78AC-4C19-A416-2458362D9E77}.Debug|Any CPU.ActiveCfg = Debug|Any CPU
		{3C8A5C4D-78AC-4C19-A416-2458362D9E77}.Debug|Any CPU.Build.0 = Debug|Any CPU
		{3C8A5C4D-78AC-4C19-A416-2458362D9E77}.Release|Any CPU.ActiveCfg = Release|Any CPU
		{3C8A5C4D-78AC-4C19-A416-2458362D9E77}.Release|Any CPU.Build.0 = Release|Any CPU
	EndGlobalSection
	GlobalSection(SolutionProperties) = preSolution
		HideSolutionNode = FALSE
	EndGlobalSection
	GlobalSection(ExtensibilityGlobals) = postSolution
		SolutionGuid = {0F8B4DC9-EDC5-452C-B822-159AECE3202D}
	EndGlobalSection
EndGlobal
